
Microsoft Visual Studio Solution File, Format Version 12.00
# Visual Studio 14
VisualStudioVersion = 14.0.23107.0
MinimumVisualStudioVersion = 10.0.40219.1
Project("{E24C65DC-7377-472B-9ABA-BC803B73C61A}") = "IST440W_Project", "http://localhost:3572", "{36CF4F3A-DDE8-4A12-AE3E-F75D60AB3C4D}"
	ProjectSection(WebsiteProperties) = preProject
		UseIISExpress = "true"
		TargetFrameworkMoniker = ".NETFramework,Version%3Dv4.5"
		Debug.AspNetCompiler.VirtualPath = "/localhost_3572"
		Debug.AspNetCompiler.PhysicalPath = "..\IST440W_Project\"
		Debug.AspNetCompiler.TargetPath = "PrecompiledWeb\localhost_3572\"
		Debug.AspNetCompiler.Updateable = "true"
		Debug.AspNetCompiler.ForceOverwrite = "true"
		Debug.AspNetCompiler.FixedNames = "false"
		Debug.AspNetCompiler.Debug = "True"
		Release.AspNetCompiler.VirtualPath = "/localhost_3572"
		Release.AspNetCompiler.PhysicalPath = "..\IST440W_Project\"
		Release.AspNetCompiler.TargetPath = "PrecompiledWeb\localhost_3572\"
		Release.AspNetCompiler.Updateable = "true"
		Release.AspNetCompiler.ForceOverwrite = "true"
		Release.AspNetCompiler.FixedNames = "false"
		Release.AspNetCompiler.Debug = "False"
		SlnRelativePath = "..\IST440W_Project\"
		DefaultWebSiteLanguage = "Visual C#"
	EndProjectSection
EndProject
Project("{FAE04EC0-301F-11D3-BF4B-00C04F79EFBC}") = "Website", "Website\Website.csproj", "{17A824A8-5006-46F1-AF04-4EAE81943579}"
EndProject
Project("{FAE04EC0-301F-11D3-BF4B-00C04F79EFBC}") = "Hospital", "..\..\..\Downloads\Hospital\Hospital\Hospital.csproj", "{CD7DCCC0-5DEC-47C9-B762-542AB3E3C827}"
EndProject
Global
	GlobalSection(SolutionConfigurationPlatforms) = preSolution
		Debug|Any CPU = Debug|Any CPU
		Release|Any CPU = Release|Any CPU
	EndGlobalSection
	GlobalSection(ProjectConfigurationPlatforms) = postSolution
		{36CF4F3A-DDE8-4A12-AE3E-F75D60AB3C4D}.Debug|Any CPU.ActiveCfg = Debug|Any CPU
		{36CF4F3A-DDE8-4A12-AE3E-F75D60AB3C4D}.Debug|Any CPU.Build.0 = Debug|Any CPU
		{36CF4F3A-DDE8-4A12-AE3E-F75D60AB3C4D}.Release|Any CPU.ActiveCfg = Debug|Any CPU
		{36CF4F3A-DDE8-4A12-AE3E-F75D60AB3C4D}.Release|Any CPU.Build.0 = Debug|Any CPU
		{17A824A8-5006-46F1-AF04-4EAE81943579}.Debug|Any CPU.ActiveCfg = Debug|Any CPU
		{17A824A8-5006-46F1-AF04-4EAE81943579}.Debug|Any CPU.Build.0 = Debug|Any CPU
		{17A824A8-5006-46F1-AF04-4EAE81943579}.Release|Any CPU.ActiveCfg = Release|Any CPU
		{17A824A8-5006-46F1-AF04-4EAE81943579}.Release|Any CPU.Build.0 = Release|Any CPU
		{CD7DCCC0-5DEC-47C9-B762-542AB3E3C827}.Debug|Any CPU.ActiveCfg = Debug|Any CPU
		{CD7DCCC0-5DEC-47C9-B762-542AB3E3C827}.Debug|Any CPU.Build.0 = Debug|Any CPU
		{CD7DCCC0-5DEC-47C9-B762-542AB3E3C827}.Release|Any CPU.ActiveCfg = Release|Any CPU
		{CD7DCCC0-5DEC-47C9-B762-542AB3E3C827}.Release|Any CPU.Build.0 = Release|Any CPU
	EndGlobalSection
	GlobalSection(SolutionProperties) = preSolution
		HideSolutionNode = FALSE
	EndGlobalSection
EndGlobal
